version: 19
hash: sha256:711b478bca16
updated: 2026-08-11T04:42:09.946Z
status: draft
source: change
requirements:
  - id: statusline-script-stdin-contract
    hash: sha256:c0033e7eba6c
    scenarios:
      - valid-stdin-with-both-fields-present
      - empty-stdin-treated-as-empty-payload
      - malformed-json-on-stdin-treated-as-empty-payload
      - stdin-contains-valid-json-but-fields-are-wrong-type
  - id: context-window-resolution
    hash: sha256:75471e087efc
    scenarios:
      - payload-declares-the-window-size
      - 1m-family-model-id-resolves-to-1m-without-payload-window
      - haiku-model-id-resolves-to-200k
      - model-id-contains-1m-substring
      - unrecognized-model-id-falls-back-to-200k
      - model-field-absent
      - model-field-contains-1m-as-part-of-a-longer-string
  - id: context-utilization-calculation
    hash: sha256:07626e6cdc72
    scenarios:
      - harness-computed-percentage-preferred
      - percentage-above-100-renders-the-overflow-marker
      - transcript-present-with-assistant-usage-entry
      - transcript-present-but-no-assistant-usage-entry-found
      - transcript-file-does-not-exist
      - most-recent-assistant-usage-entry-is-used
  - id: metta-artifact-resolution
    hash: sha256:9b18442f7747
    scenarios:
      - metta-status-returns-active-artifact
      - aggregated-changes-array-yields-the-active-change
      - worktree-hosted-change-is-detected-when-root-status-shows-none
      - metta-status-returns-no-active-change-and-no-worktrees-exist
      - metta-binary-not-found-on-path
      - metta-status-json-times-out
  - id: output-format
    hash: sha256:75eb59043686
    scenarios:
      - full-output-with-artifact-and-context-percentage
      - output-with-idle-artifact-and-no-context-percentage
      - unrecoverable-error-fallback
      - exit-code-is-always-0
  - id: deterministic-change-slug-coloring
    hash: sha256:f3ce02c1a0b3
    scenarios:
      - active-change-slug-produces-ansi-wrapped-label
      - same-slug-produces-same-color-on-repeated-runs
      - idle-artifact-is-not-colored
      - unknown-fallback-is-not-colored
  - id: install-auto-registration
    hash: sha256:a675ed1c5f3e
    scenarios:
      - fresh-install-writes-script-and-updates-settings
      - re-run-install-is-a-no-op
      - existing-unrelated-keys-in-settings-json-are-preserved
      - user-authored-statusline-pointing-at-a-different-path-is-not-overwritten
  - id: install-failure-isolation
    hash: sha256:577820a30257
    scenarios:
      - script-copy-fails-due-to-permissions-error
      - settings-json-is-unparseable-json
      - failure-does-not-suppress-guard-hook-installation
      - warning-message-identifies-the-failed-component
  - id: template-build-copy
    hash: sha256:fa92e543f784
    scenarios:
      - build-copies-statusline-mjs-to-dist
      - copied-file-is-executable
      - build-succeeds-when-statusline-source-directory-is-empty
