version: 27
hash: sha256:afbb53bf518f
updated: 2026-08-17T01:45:42.765Z
status: draft
source: change
requirements:
  - id: metta-issue-skill-performs-root-cause-analysis-before-writing-the-ticket
    hash: sha256:885c75eb6ba4
    scenarios:
      - happy-path-structured-ticket-written-after-rca
      - interactive-path-description-not-provided-as-argument
  - id: metta-issue-skill-supports-quick-escape-hatch
    hash: sha256:2aad8439785c
    scenarios:
      - quick-skips-rca-and-writes-a-shallow-ticket
  - id: metta-issue-skill-falls-back-to-shallow-log-when-rca-fails
    hash: sha256:c7e270f6b9dd
    scenarios:
      - rca-fails-mid-session-and-fallback-body-is-written
  - id: metta-issue-skill-writes-a-structured-body-with-fixed-section-order
    hash: sha256:dbdcfa1fd252
    scenarios:
      - full-structured-body-validates-section-order-and-evidence-citation
  - id: metta-issue-cli-auto-detects-piped-stdin-as-body
    hash: sha256:5eb8069ad75b
    scenarios:
      - structured-body-piped-via-stdin-becomes-the-issue-body
      - interactive-tty-stdin-leaves-behavior-unchanged
  - id: issues-store-parseissue-tolerates-both-freeform-and-structured-bodies
    hash: sha256:1baa4c6fc629
    scenarios:
      - both-freeform-and-structured-bodies-round-trip-through-metta-issues-show
  - id: metta-fix-issues-skill-surfaces-structured-issue-sections-at-step-1
    hash: sha256:097f40d14a74
    scenarios:
      - structured-sections-displayed-before-fix-planning-begins
  - id: issue-frontmatter-schema-is-zod-validated-and-strict
    hash: sha256:c4348b4681ea
    scenarios:
      - partial-frontmatter-is-accepted-with-documented-defaults
      - invalid-priority-value-is-rejected-with-a-clear-error
      - unknown-frontmatter-key-is-rejected
  - id: frontmatter-less-issue-files-parse-exactly-as-before
    hash: sha256:4e88f7ea3efa
    scenarios:
      - legacy-issue-lists-and-resolves-unchanged
      - legacy-issue-is-excluded-from-backlog-and-milestone-views
  - id: backlogging-an-issue-mutates-the-existing-issue-file-in-place
    hash: sha256:40381b63e89b
    scenarios:
      - existing-issue-gains-backlog-frontmatter-with-no-new-file
      - re-backlogging-is-an-idempotent-no-op
      - later-body-edits-never-drift-from-the-backlog
  - id: new-ideas-are-minted-as-typed-entries-in-the-issue-store
    hash: sha256:9162c190562a
    scenarios:
      - new-idea-minted-with-idea-type-and-backlog-flag
      - mistyped-slug-without-new-fails-instead-of-minting
      - idea-entries-are-distinguishable-in-issue-listings
  - id: backlog-list-is-a-sorted-view-over-issue-frontmatter
    hash: sha256:617378381e0e
    scenarios:
      - mixed-priorities-and-orders-sort-deterministically
      - only-flagged-issues-appear-and-spec-backlog-is-never-read
      - missing-optional-fields-render-with-defaults
  - id: backlog-promote-hands-off-to-fix-issues
    hash: sha256:04889e8c4fcb
    scenarios:
      - promote-emits-a-fix-issues-handoff
      - promoting-an-unknown-slug-fails-cleanly
  - id: backlog-done-resolves-through-the-issue-store-archive
    hash: sha256:10df0ced6a3d
    scenarios:
      - done-moves-the-issue-to-resolved-and-off-the-backlog
      - shipped-in-stamp-survives-the-new-archive-path
      - done-commits-only-the-archived-pair-of-paths
  - id: milestone-store-with-zod-validated-frontmatter-and-cli
    hash: sha256:49b88f48b187
    scenarios:
      - milestone-created-with-defaults
      - creating-a-duplicate-milestone-is-refused
      - invalid-milestone-status-is-rejected
  - id: milestone-and-priority-assignment-via-issue-frontmatter
    hash: sha256:c64f15b00189
    scenarios:
      - log-an-issue-with-milestone-and-priority-in-one-step
      - invalid-priority-at-log-time-is-rejected
      - dangling-milestone-reference-warns-but-succeeds
  - id: milestone-show-reports-resolved-vs-open-progress
    hash: sha256:0b5ee1ea808e
    scenarios:
      - rollup-counts-resolved-against-open
      - empty-milestone-renders-without-failing
  - id: status-and-progress-surfaces-include-milestone-rollups
    hash: sha256:c355ba743616
    scenarios:
      - progress-shows-per-milestone-counts
      - no-milestones-means-no-milestone-section
  - id: idempotent-migration-of-legacy-backlog-data-into-the-issue-store
    hash: sha256:0f3ef640c4a9
    scenarios:
      - active-and-done-items-convert-with-content-preserved
      - second-run-is-a-no-op
      - slug-collision-is-reported-not-overwritten
  - id: frontmatter-writes-round-trip-the-body-and-untouched-fields
    hash: sha256:4524db0ee4e6
    scenarios:
      - targeted-frontmatter-update-leaves-everything-else-intact
      - archive-preserves-frontmatter-end-to-end
  - id: backlog-auto-commits-stage-only-the-files-the-command-wrote
    hash: sha256:29647e4abb40
    scenarios:
      - unrelated-dirty-file-survives-a-backlog-add
      - done-and-migrate-stage-only-their-own-moved-or-updated-files
      - no-directory-pathspecs-at-any-commitpaths-call-site
  - id: backlog-and-milestone-list-renderers-sanitize-titles
    hash: sha256:8dd3879ae631
    scenarios:
      - ansi-escape-in-a-backlog-title-is-stripped
      - control-characters-in-a-milestone-issue-title-are-stripped
      - plain-titles-render-unchanged
      - sanitization-does-not-rewrite-the-issue-file
  - id: no-stale-spec-backlog-references-in-generated-claude-md-docs-or-guard-edit-allowlist
    hash: sha256:036278d3be60
    scenarios:
      - refresh-emits-a-toc-without-a-spec-backlog-row
      - docs-describe-the-frontmatter-over-issues-model
      - guard-edit-denies-edits-under-the-retired-path
  - id: bare-metta-backlog-is-allowed-by-the-guard-bash-hook
    hash: sha256:1219a08ff2c6
    scenarios:
      - bare-backlog-invocation-is-allowed
      - both-hook-copies-stay-byte-identical
      - write-forms-remain-gated
  - id: single-issues-store-test-file-with-no-compiled-test-code-in-dist
    hash: sha256:ec8d3500a7c3
    scenarios:
      - build-output-contains-no-compiled-test-module
      - unique-test-cases-survive-consolidation
      - exactly-one-issues-store-test-file-in-the-tree
  - id: tier-advisory-recommendation-is-capped-at-standard
    hash: sha256:48e608fcb0b6
    scenarios:
      - full-scored-change-renders-a-capped-advisory
      - standard-over-quick-recommendation-is-unchanged
      - scoring-values-are-untouched-by-the-cap
