version: 12
hash: sha256:5693ecc90a68
updated: 2026-08-11T05:15:25.764Z
status: draft
source: change
requirements:
  - id: init-command-drives-discovery
    hash: sha256:414ca1f26d3e
    scenarios:
      - init-after-install-in-a-brownfield-project
      - init-on-a-greenfield-project
      - init-before-install-is-blocked
      - init-does-not-mutate-the-repository
  - id: init-skill-invokes-init-command
    hash: sha256:906f7cb9e6ba
    scenarios:
      - skill-template-references-init-command
      - skill-propagates-to-installed-projects
  - id: install-command-scaffolds-only
    hash: sha256:2a2e54f18dd0
    scenarios:
      - fresh-install-in-a-git-repo
      - install-on-a-project-that-already-has-metta
      - install-without-a-git-repository
      - human-readable-install-output-points-at-init
  - id: install-stamps-installed-version
    hash: sha256:140a11098911
    scenarios:
      - fresh-install-stamps-the-running-version
      - re-running-install-overwrites-a-stale-stamp
  - id: init-stamps-installed-version
    hash: sha256:bcc1df84b08e
    scenarios:
      - init-stamps-the-running-version
      - init-refreshes-a-stale-stamp
  - id: project-config-schema-accepts-installed-version
    hash: sha256:f87c6b59eab8
    scenarios:
      - stamped-config-validates
      - legacy-config-without-the-field-remains-valid
      - non-string-stamp-is-rejected
  - id: invocation-time-drift-check
    hash: sha256:36ac6e074c7c
    scenarios:
      - upgrade-drift-warns-once-on-stderr
      - downgrade-drift-also-warns
      - matching-versions-stay-silent
      - install-and-init-skip-the-check
      - absent-stamp-stays-silent
      - missing-or-corrupt-config-skips-silently
      - drift-never-changes-exit-codes
  - id: json-output-carries-template-version-mismatch
    hash: sha256:97da73ffc8d0
    scenarios:
      - mismatch-appears-in-json-payload
      - no-mismatch-means-no-key
      - absent-stamp-means-no-key
      - stderr-warning-does-not-corrupt-stdout-json
  - id: doctor-template-freshness-check
    hash: sha256:5e4f7dadd262
    scenarios:
      - matching-stamp-passes
      - mismatched-stamp-warns-with-both-versions
      - missing-stamp-warns-without-failing-doctor
