version: 9
hash: sha256:3a38a27ad6b3
updated: 2026-07-15T12:50:07.407Z
status: draft
source: change
requirements:
  - id: spec-delta-merge
    hash: sha256:e9764d07d1ec
    scenarios:
      - new-capability-created-from-a-confirmed-added-delta
      - re-applying-an-added-delta-does-not-duplicate-an-existing-requirement
      - added-idempotency-holds-without-a-base-versions-entry
  - id: finalizer-orchestration
    hash: sha256:0129ffed4dd0
    scenarios:
      - incomplete-artifact-blocks-finalize-before-gates-or-merge-run
      - gate-failure-leaves-the-target-capability-spec-untouched
      - retry-after-a-fixed-gate-applies-the-merge-exactly-once
  - id: merge-safety-pipeline
    hash: sha256:6c4613d3afb9
    scenarios:
      - successful-merge
      - dry-run-skips-git-writes
      - conflict-detected
      - base-drift-does-not-block-merge
  - id: finalize-lock-contention-error-message
    hash: sha256:e46d58ac604e
    scenarios:
      - lock-held-by-a-live-process-recommends-a-retry-not-manual-deletion
      - re-running-finalize-reclaims-a-dead-pid-lock-without-manual-cleanup
  - id: finalize-lock-staleness-fallback-via-mtime
    hash: sha256:1d383526213e
    scenarios:
      - ambiguous-pid-liveness-with-an-expired-mtime-is-reclaimed
      - fresh-lock-with-a-confirmed-live-owner-is-respected
      - dead-pid-reclaim-path-is-preserved-alongside-the-mtime-fallback
  - id: stale-finalize-lock-surfaced-in-status
    hash: sha256:5ffdb37e6d67
    scenarios:
      - status-reports-a-detected-stale-lock
      - status-is-unchanged-when-no-stale-lock-is-present
  - id: stale-finalize-lock-surfaced-in-next-routing
    hash: sha256:f169129ec6ae
    scenarios:
      - next-surfaces-the-stale-lock-instead-of-routing-into-a-failing-finalize
      - next-routing-is-unchanged-when-no-stale-lock-is-present
  - id: explicit-capability-target-selection-in-spec-authoring
    hash: sha256:dfaedb3d8cc9
    scenarios:
      - instructions-surface-existing-capabilities-before-authoring
      - generated-scaffold-carries-an-explicit-target-field-not-an-implicit-slug-default
  - id: merge-target-confirmation-at-completion
    hash: sha256:cecc82b6a370
    scenarios:
      - unconfirmed-self-slug-target-is-refused
      - explicit-new-capability-marker-allows-completion
      - non-added-operations-against-a-nonexistent-capability-still-hard-fail
  - id: trivial-workflow-verification-artifact-contract-agreement
    hash: sha256:9258c2538f5f
    scenarios:
      - declared-contract-and-instructed-behavior-agree
      - following-instructions-lets-completion-succeed
      - finalize-completeness-gate-passes-without-manual-patching
