version: 43
hash: sha256:5c9e8c184658
updated: 2026-08-23T07:48:41.430Z
status: draft
source: change
requirements:
  - id: spec-delta-merge
    hash: sha256:10013be0709e
    scenarios:
      - new-capability-created-from-a-confirmed-added-delta
      - re-applying-an-added-delta-does-not-duplicate-an-existing-requirement
      - added-idempotency-holds-without-a-base-versions-entry
      - dry-run-reports-requirement-not-found-for-a-modified-delta-against-an-absent-requirement
      - dry-run-classifies-an-added-duplicate-as-a-noop-matching-apply
  - id: finalizer-orchestration
    hash: sha256:0129ffed4dd0
    scenarios:
      - incomplete-artifact-blocks-finalize-before-gates-or-merge-run
      - gate-failure-leaves-the-target-capability-spec-untouched
      - retry-after-a-fixed-gate-applies-the-merge-exactly-once
  - id: merge-safety-pipeline
    hash: sha256:6c4613d3afb9
    scenarios:
      - successful-merge
      - dry-run-skips-git-writes
      - conflict-detected
      - base-drift-does-not-block-merge
  - id: finalize-lock-contention-error-message
    hash: sha256:e46d58ac604e
    scenarios:
      - lock-held-by-a-live-process-recommends-a-retry-not-manual-deletion
      - re-running-finalize-reclaims-a-dead-pid-lock-without-manual-cleanup
  - id: finalize-lock-staleness-fallback-via-mtime
    hash: sha256:1d383526213e
    scenarios:
      - ambiguous-pid-liveness-with-an-expired-mtime-is-reclaimed
      - fresh-lock-with-a-confirmed-live-owner-is-respected
      - dead-pid-reclaim-path-is-preserved-alongside-the-mtime-fallback
  - id: stale-finalize-lock-surfaced-in-status
    hash: sha256:5ffdb37e6d67
    scenarios:
      - status-reports-a-detected-stale-lock
      - status-is-unchanged-when-no-stale-lock-is-present
  - id: stale-finalize-lock-surfaced-in-next-routing
    hash: sha256:f169129ec6ae
    scenarios:
      - next-surfaces-the-stale-lock-instead-of-routing-into-a-failing-finalize
      - next-routing-is-unchanged-when-no-stale-lock-is-present
  - id: explicit-capability-target-selection-in-spec-authoring
    hash: sha256:dfaedb3d8cc9
    scenarios:
      - instructions-surface-existing-capabilities-before-authoring
      - generated-scaffold-carries-an-explicit-target-field-not-an-implicit-slug-default
  - id: merge-target-confirmation-at-completion
    hash: sha256:cecc82b6a370
    scenarios:
      - unconfirmed-self-slug-target-is-refused
      - explicit-new-capability-marker-allows-completion
      - non-added-operations-against-a-nonexistent-capability-still-hard-fail
  - id: trivial-workflow-verification-artifact-contract-agreement
    hash: sha256:9258c2538f5f
    scenarios:
      - declared-contract-and-instructed-behavior-agree
      - following-instructions-lets-completion-succeed
      - finalize-completeness-gate-passes-without-manual-patching
  - id: uat-script-generation-at-finalize
    hash: sha256:5bc587a4992a
    scenarios:
      - successful-finalize-writes-uat-md-into-the-change-directory-before-archive
      - archive-sweep-carries-uat-md-into-the-archive-directory
      - generation-is-deterministic-with-no-ai-call
  - id: no-stray-uat-on-failed-finalize-paths
    hash: sha256:07d484bfe67c
    scenarios:
      - incomplete-artifacts-abort-before-uat-generation
      - merge-conflict-aborts-before-uat-generation
      - gate-failure-aborts-before-uat-generation
      - dry-run-finalize-writes-no-uat-md
  - id: uat-source-material-assembly
    hash: sha256:0e7609be41d6
    scenarios:
      - stories-and-spec-scenarios-feed-the-generated-steps
      - machine-verified-annotation-applied-when-derivable
      - annotation-absent-when-not-derivable-without-error
  - id: uat-document-format
    hash: sha256:88e257b108aa
    scenarios:
      - header-is-self-describing-for-later-audit
      - steps-are-numbered-story-grouped-and-checkable
  - id: uat-tier-fallback-chain
    hash: sha256:3b9255d8233a
    scenarios:
      - parsed-stories-produce-the-full-story-grouped-script
      - sentinel-stories-fall-back-to-spec-scenarios
      - no-stories-and-no-spec-scenarios-fall-back-to-intent-plus-summary
      - generation-is-never-skipped-by-tier-when-enabled
  - id: uat-configuration-toggle
    hash: sha256:c2c0c3d04655
    scenarios:
      - disabled-toggle-skips-generation-cleanly
      - omitted-uat-key-defaults-to-enabled
      - disabled-enforcement-skips-the-ship-path-uat-run
      - omitted-enforce-on-ship-defaults-to-enforced
      - fresh-install-scaffolds-explicit-enforcement-without-overwriting-existing-configs
      - invalid-uat-config-is-rejected-strictly
  - id: uat-path-in-finalize-output
    hash: sha256:8cdcb4cadbc4
    scenarios:
      - json-success-payload-carries-the-uat-path
      - human-output-reports-the-uat-path
      - disabled-generation-yields-null-path-and-no-human-line
      - error-json-shapes-are-unchanged
  - id: uat-template-externality
    hash: sha256:061be3125f06
    scenarios:
      - rendering-goes-through-the-external-template
      - template-ships-to-dist-via-the-existing-copy-step
  - id: uat-generation-failure-degradation
    hash: sha256:c6f8a114e976
    scenarios:
      - assembly-error-degrades-to-a-warning-finalize-still-succeeds
      - degraded-run-reports-the-failure-in-output
  - id: token-tracking-delta-scope-note
    hash: sha256:9410718c7069
    scenarios:
      - delta-merges-into-finalize-ship-despite-spanning-adjacent-surfaces
  - id: token-usage-record-schema
    hash: sha256:634662e9ba0e
    scenarios:
      - hook-sourced-record-passes-strict-validation
      - invalid-source-values-are-rejected-strictly
      - legacy-record-without-source-remains-valid-and-reads-as-prose-sourced
  - id: tokens-record-cli-command
    hash: sha256:98f909876ac8
    scenarios:
      - source-flag-persists-provenance
      - legacy-invocation-without-source-stays-backward-compatible
      - invalid-source-value-writes-nothing
  - id: tokens-guard-hook-allowlist-entry
    hash: sha256:68c5aa15e6a4
    scenarios:
      - skill-issued-tokens-record-passes-the-guard
      - hook-copies-stay-byte-identical-and-syntactically-valid
      - other-guard-classifications-are-unchanged
  - id: lifecycle-skill-token-recording-instruction
    hash: sha256:3488b8ee0ce3
    scenarios:
      - no-skill-mandates-per-subagent-recording
      - template-and-deployed-skill-pairs-are-byte-identical
      - demotion-changes-nothing-about-routing-or-the-guard-allowlist
  - id: tokens-report-generation-at-finalize
    hash: sha256:f4bb8c402655
    scenarios:
      - successful-finalize-writes-tokens-md-before-archive
      - assembly-is-deterministic-template-driven-and-ai-free
      - no-token-records-still-yields-a-report
  - id: tokens-report-content
    hash: sha256:30906154932c
    scenarios:
      - provenance-is-distinguishable-per-record
      - a-gap-reads-as-a-hook-coverage-miss
      - report-structure-is-otherwise-unchanged
      - complete-coverage-reports-no-gaps
  - id: tokens-report-configuration-toggle
    hash: sha256:45563d0d00bf
    scenarios:
      - disabled-toggle-skips-the-report-cleanly
      - omitted-tokens-key-defaults-to-enabled
      - invalid-tokens-config-is-rejected-strictly
  - id: no-stray-tokens-report-on-failed-finalize-paths
    hash: sha256:da35039d39c7
    scenarios:
      - gate-failure-leaves-no-tokens-md-behind
      - dry-run-finalize-writes-no-tokens-md
      - incomplete-artifacts-and-merge-conflicts-abort-before-report-generation
  - id: tokens-report-failure-degradation
    hash: sha256:c99066e13b6d
    scenarios:
      - assembly-error-degrades-to-a-warning-finalize-still-succeeds
      - degraded-run-reports-the-failure-in-both-output-modes
  - id: tokens-path-in-finalize-output
    hash: sha256:8aa424967f38
    scenarios:
      - json-success-payload-carries-the-tokens-path-additively
      - human-output-reports-the-tokens-path
      - disabled-generation-yields-null-path-no-human-line-and-untouched-error-shapes
  - id: progress-average-tokens-per-change-by-tier
    hash: sha256:c8d7ee77a24c
    scenarios:
      - tier-grouped-averages-render-from-recorded-data
      - no-data-tier-is-distinct-from-zero-and-null-in-json
      - pre-feature-archives-aggregate-gracefully
  - id: token-recording-subagentstop-hook
    hash: sha256:0b77cc65faf6
    scenarios:
      - subagent-stop-is-recorded-automatically-with-the-exact-transcript-summed-count
      - missing-or-usage-free-transcript-records-nothing-rather-than-fabricating-a-count
      - registration-targets-the-subagentstop-event-and-leaves-existing-hooks-untouched
      - hook-copies-stay-byte-identical-and-syntactically-valid
  - id: worktree-aware-change-resolution-for-token-recording
    hash: sha256:d2fbade7cf6e
    scenarios:
      - recording-from-inside-a-change-worktree-attributes-to-that-change
      - repo-root-recording-keeps-the-existing-single-active-change-behavior
      - unresolvable-change-fails-safely-without-misattribution
  - id: non-blocking-token-recording-hook-failure
    hash: sha256:c379a04e103a
    scenarios:
      - cli-unavailable-leaves-the-subagent-run-unaffected
      - recording-command-failure-is-swallowed
      - missing-transcript-is-swallowed-without-blocking-the-subagent
      - guard-hook-behavior-is-unchanged-with-the-recording-hook-installed
  - id: token-record-provenance-deduplication-in-tokens-report
    hash: sha256:bea2e5953649
    scenarios:
      - duplicate-hook-and-prose-records-count-once-preferring-the-hook-value
      - prose-only-records-are-retained
      - dedupe-never-mutates-persisted-state
  - id: dry-run-and-apply-merge-result-parity
    hash: sha256:4d96230b58a6
    scenarios:
      - dry-run-and-apply-return-identical-results-for-the-same-fixture-set
      - preflight-dry-run-catches-an-apply-time-only-conflict-class
  - id: all-or-nothing-spec-merge-apply
    hash: sha256:065776941121
    scenarios:
      - conflicting-delta-n-leaves-the-spec-store-byte-identical
      - zero-conflict-multi-delta-merge-commits-every-staged-result
  - id: staged-composition-of-same-capability-deltas
    hash: sha256:ed4420af64ef
    scenarios:
      - a-later-delta-composes-with-an-earlier-delta-against-the-same-capability
      - dry-run-classifies-composed-same-capability-deltas-identically
  - id: uat-gate-before-pr-hand-back
    hash: sha256:5291d659ad7d
    scenarios:
      - ship-skill-spawns-the-runner-against-the-archived-uat-before-hand-back
      - never-hand-back-an-unexecuted-uat
      - metta-ship-can-spawn-subagents
  - id: inline-uat-orchestration-contract-in-ship-skills
    hash: sha256:24cca1d6896c
    scenarios:
      - valid-run-diff-is-committed-on-the-change-branch
      - unexpected-diff-shape-is-not-blindly-committed
      - no-second-runner-path-exists
  - id: uat-run-summary-in-pr-body-or-comment
    hash: sha256:98b7c849caab
    scenarios:
      - pr-body-carries-the-run-summary-at-creation
      - existing-pr-receives-the-summary-as-a-comment
      - run-record-merges-to-main-with-the-change
  - id: uat-failure-blocks-ready-hand-back
    hash: sha256:f9ca09e08db0
    scenarios:
      - failed-step-halts-the-ship-path
      - all-pass-run-proceeds-to-hand-back
      - manual-acceptance-steps-skip-without-blocking
  - id: uat-gate-before-merge-on-run-to-merge-paths
    hash: sha256:bf4432a21523
    scenarios:
      - merge-waits-for-uat-results
      - uat-failure-leaves-the-pr-open-and-unmerged
  - id: ship-skill-toggle-readability-without-guard-violation
    hash: sha256:9d8b4f84851b
    scenarios:
      - skills-resolve-the-toggle-without-a-guard-block
      - config-read-mechanism-outcome
      - finalize-output-mechanism-outcome
  - id: grep-assert-coverage-of-ship-path-uat-gate
    hash: sha256:d279cf28df74
    scenarios:
      - tests-pass-on-compliant-skill-files
      - dropped-or-reordered-gate-fails-the-suite
  - id: idempotent-uat-recording-across-propose-stop-and-ship
    hash: sha256:bd5a54610ab9
    scenarios:
      - propose-hands-back-a-pr-that-already-carries-the-run-record
      - ship-of-an-unchanged-branch-does-not-duplicate-the-record
      - genuine-re-run-appends-per-existing-semantics
