version: 18
hash: sha256:84393e4598a9
updated: 2026-07-21T04:51:58.697Z
status: draft
source: change
requirements:
  - id: spec-delta-merge
    hash: sha256:e9764d07d1ec
    scenarios:
      - new-capability-created-from-a-confirmed-added-delta
      - re-applying-an-added-delta-does-not-duplicate-an-existing-requirement
      - added-idempotency-holds-without-a-base-versions-entry
  - id: finalizer-orchestration
    hash: sha256:0129ffed4dd0
    scenarios:
      - incomplete-artifact-blocks-finalize-before-gates-or-merge-run
      - gate-failure-leaves-the-target-capability-spec-untouched
      - retry-after-a-fixed-gate-applies-the-merge-exactly-once
  - id: merge-safety-pipeline
    hash: sha256:6c4613d3afb9
    scenarios:
      - successful-merge
      - dry-run-skips-git-writes
      - conflict-detected
      - base-drift-does-not-block-merge
  - id: finalize-lock-contention-error-message
    hash: sha256:e46d58ac604e
    scenarios:
      - lock-held-by-a-live-process-recommends-a-retry-not-manual-deletion
      - re-running-finalize-reclaims-a-dead-pid-lock-without-manual-cleanup
  - id: finalize-lock-staleness-fallback-via-mtime
    hash: sha256:1d383526213e
    scenarios:
      - ambiguous-pid-liveness-with-an-expired-mtime-is-reclaimed
      - fresh-lock-with-a-confirmed-live-owner-is-respected
      - dead-pid-reclaim-path-is-preserved-alongside-the-mtime-fallback
  - id: stale-finalize-lock-surfaced-in-status
    hash: sha256:5ffdb37e6d67
    scenarios:
      - status-reports-a-detected-stale-lock
      - status-is-unchanged-when-no-stale-lock-is-present
  - id: stale-finalize-lock-surfaced-in-next-routing
    hash: sha256:f169129ec6ae
    scenarios:
      - next-surfaces-the-stale-lock-instead-of-routing-into-a-failing-finalize
      - next-routing-is-unchanged-when-no-stale-lock-is-present
  - id: explicit-capability-target-selection-in-spec-authoring
    hash: sha256:dfaedb3d8cc9
    scenarios:
      - instructions-surface-existing-capabilities-before-authoring
      - generated-scaffold-carries-an-explicit-target-field-not-an-implicit-slug-default
  - id: merge-target-confirmation-at-completion
    hash: sha256:cecc82b6a370
    scenarios:
      - unconfirmed-self-slug-target-is-refused
      - explicit-new-capability-marker-allows-completion
      - non-added-operations-against-a-nonexistent-capability-still-hard-fail
  - id: trivial-workflow-verification-artifact-contract-agreement
    hash: sha256:9258c2538f5f
    scenarios:
      - declared-contract-and-instructed-behavior-agree
      - following-instructions-lets-completion-succeed
      - finalize-completeness-gate-passes-without-manual-patching
  - id: uat-script-generation-at-finalize
    hash: sha256:5bc587a4992a
    scenarios:
      - successful-finalize-writes-uat-md-into-the-change-directory-before-archive
      - archive-sweep-carries-uat-md-into-the-archive-directory
      - generation-is-deterministic-with-no-ai-call
  - id: no-stray-uat-on-failed-finalize-paths
    hash: sha256:07d484bfe67c
    scenarios:
      - incomplete-artifacts-abort-before-uat-generation
      - merge-conflict-aborts-before-uat-generation
      - gate-failure-aborts-before-uat-generation
      - dry-run-finalize-writes-no-uat-md
  - id: uat-source-material-assembly
    hash: sha256:0e7609be41d6
    scenarios:
      - stories-and-spec-scenarios-feed-the-generated-steps
      - machine-verified-annotation-applied-when-derivable
      - annotation-absent-when-not-derivable-without-error
  - id: uat-document-format
    hash: sha256:88e257b108aa
    scenarios:
      - header-is-self-describing-for-later-audit
      - steps-are-numbered-story-grouped-and-checkable
  - id: uat-tier-fallback-chain
    hash: sha256:3b9255d8233a
    scenarios:
      - parsed-stories-produce-the-full-story-grouped-script
      - sentinel-stories-fall-back-to-spec-scenarios
      - no-stories-and-no-spec-scenarios-fall-back-to-intent-plus-summary
      - generation-is-never-skipped-by-tier-when-enabled
  - id: uat-configuration-toggle
    hash: sha256:e62e60ce6f33
    scenarios:
      - disabled-toggle-skips-generation-cleanly
      - omitted-uat-key-defaults-to-enabled
      - invalid-uat-config-is-rejected-strictly
  - id: uat-path-in-finalize-output
    hash: sha256:8cdcb4cadbc4
    scenarios:
      - json-success-payload-carries-the-uat-path
      - human-output-reports-the-uat-path
      - disabled-generation-yields-null-path-and-no-human-line
      - error-json-shapes-are-unchanged
  - id: uat-template-externality
    hash: sha256:061be3125f06
    scenarios:
      - rendering-goes-through-the-external-template
      - template-ships-to-dist-via-the-existing-copy-step
  - id: uat-generation-failure-degradation
    hash: sha256:c6f8a114e976
    scenarios:
      - assembly-error-degrades-to-a-warning-finalize-still-succeeds
      - degraded-run-reports-the-failure-in-output
