version: 20
hash: sha256:c13a700cfc42
updated: 2026-08-18T16:16:20.200Z
status: draft
source: change
requirements:
  - id: inline-command-text-tokens-never-authorize-a-blocked-subcommand
    hash: sha256:1a3cfcd12e48
    scenarios:
      - a-bare-inline-token-with-no-external-signal-is-rejected
      - no-code-path-treats-inline-command-text-as-sufficient-on-its-own
  - id: fork-dispatched-subcommands-require-verified-caller-identity
    hash: sha256:fd4f0be58b67
    scenarios:
      - fork-dispatched-subcommand-with-verified-caller-identity-is-accepted
      - fork-dispatched-subcommand-without-verified-caller-identity-is-rejected
  - id: main-session-lifecycle-subcommands-require-a-non-forgeable-session-credential
    hash: sha256:84937248e09c
    scenarios:
      - sanctioned-skill-driven-call-with-a-valid-credential-is-accepted
      - immediate-tier-2-call-after-in-context-skill-invocation-is-authorized
      - tier-2-call-from-a-worktree-cwd-resolves-the-credential-and-is-authorized
      - live-credential-is-never-rejected-on-freshness-grounds
      - genuinely-dead-out-of-scope-or-malformed-credential-is-rejected
      - credential-forgery-requires-an-audit-visible-act-outside-command-text
      - no-credential-present-is-rejected-with-skill-guidance
      - concurrent-skill-credentials-do-not-interfere
  - id: unrecognized-metta-subcommands-fail-closed
    hash: sha256:73d3e3c648ff
    scenarios:
      - an-unrecognized-subcommand-is-blocked-not-silently-allowed
      - a-newly-added-unknown-subcommand-does-not-silently-pass-until-classified
  - id: every-rejection-and-every-tier-2-acceptance-is-recorded
    hash: sha256:09839ca08141
    scenarios:
      - a-session-tier-rejection-is-recorded-with-tier-and-reason
      - a-session-tier-acceptance-is-recorded
      - a-fork-tier-rejection-is-recorded-with-tier-and-reason
      - credential-expired-is-written-only-for-genuinely-dead-credentials
      - new-acceptance-paths-are-recorded-distinctly
      - live-skill-sessions-produce-no-false-expiry-entries
  - id: skill-contracts-reference-only-the-sanctioned-authorization-mechanism
    hash: sha256:8f8ad071a0d3
    scenarios:
      - no-skill-contract-instructs-typing-a-self-authored-token
      - a-newly-added-skill-contract-that-reintroduces-a-self-authored-token-is-a-detectable-violation
  - id: forked-agents-are-blocked-from-running-background-bash
    hash: sha256:9939093f567e
    scenarios:
      - background-bash-from-a-verified-fork-tier-caller-is-rejected
      - background-bash-from-a-caller-without-verified-fork-identity-is-unaffected-by-this-rule
  - id: the-trust-model-is-documented-where-operators-and-contributors-will-read-it
    hash: sha256:1a8c7a80cea7
    scenarios:
      - header-documentation-describes-both-tiers-and-the-emergency-bypass
      - hook-headers-describe-the-corrected-freshness-model
      - generated-workflow-guidance-matches-the-documented-model
  - id: fork-dispatch-completion-guarantee
    hash: sha256:029b61076b30
    scenarios:
      - enforcement-fires-when-a-fork-attempts-to-end-its-turn-with-a-pending-dispatch
      - a-fork-whose-dispatched-work-is-complete-ends-its-turn-normally
      - non-fork-callers-are-unaffected-by-this-guarantee
  - id: truthful-fork-results
    hash: sha256:42ee80fa954f
    scenarios:
      - a-terminal-fork-result-never-narrates-in-progress-work-under-enforcement
      - the-enforcement-reason-instructs-the-fork-to-wait-rather-than-return-early
      - the-skill-host-contract-treats-in-progress-narration-as-a-non-terminal-failed-result
  - id: residual-orphaning-recovery-protocol-is-codified-in-every-fork-contract
    hash: sha256:939b6c3a535f
    scenarios:
      - contract-inspection-finds-the-recovery-protocol-in-every-fork-contract
      - the-protocol-explicitly-forbids-duplicate-dispatch-of-in-flight-work
      - fresh-work-is-only-dispatched-after-the-orphan-is-confirmed-dead-or-complete
  - id: fork-dispatch-enforcement-events-are-recorded
    hash: sha256:1ac269390a6d
    scenarios:
      - a-blocked-turn-end-is-recorded-with-tier-and-reason
      - a-rejected-async-dispatch-shape-is-recorded-with-tier-and-reason
      - a-recovery-protocol-invocation-is-discernible-from-recorded-evidence
  - id: worktree-edits-are-allowed-under-the-inverted-hosting-topology
    hash: sha256:cc95e5403573
    scenarios:
      - inverted-hosting-topology-edit-is-allowed
      - empty-answer-from-the-target-root-alone-does-not-block
      - subagents-no-longer-need-the-heredoc-fallback
  - id: canonical-worktree-topology-remains-allowed
    hash: sha256:7bddd7b8f0a6
    scenarios:
      - canonical-topology-edit-is-still-allowed
  - id: guard-still-blocks-when-no-change-is-active-in-either-root
    hash: sha256:686e04f34d63
    scenarios:
      - no-active-change-anywhere-still-blocks
  - id: probe-failures-continue-to-fail-open
    hash: sha256:914abc1bef1c
    scenarios:
      - each-probe-failure-mode-fails-open
  - id: init-phase-and-issues-allow-lists-are-unchanged
    hash: sha256:c039fe298b35
    scenarios:
      - allow-listed-paths-still-pass-without-an-active-change
  - id: regression-tests-exercise-real-discovery-semantics-for-the-inverted-topology
    hash: sha256:34b3e7d220e1
    scenarios:
      - inverted-topology-test-catches-the-original-defect
      - topology-coverage-does-not-come-from-a-cwd-answering-shim
      - both-topologies-are-covered-alongside-existing-cases
  - id: deterministic-tier-2-freshness-resolution-independent-of-hook-ordering
    hash: sha256:6839857b7f41
    scenarios:
      - expired-but-refreshable-token-is-authorized-before-any-mint-hook-refresh-lands
      - authorization-outcome-is-invariant-under-mint-guard-hook-ordering
      - no-new-runtime-ordering-guarantee-is-assumed
  - id: skill-activity-signal-is-non-forgeable-and-written-only-at-genuine-skill-invocation
    hash: sha256:2b29abe33dc1
    scenarios:
      - fabricated-activity-evidence-from-command-text-does-not-authorize
      - activity-signal-originates-only-from-sanctioned-invocation-machinery
      - activity-signal-never-widens-scope
  - id: credential-freshness-survives-subagent-delegation-windows
    hash: sha256:b29f633526c7
    scenarios:
      - token-outlives-the-raw-ttl-across-a-delegation-window-and-still-authorizes
      - sliding-refresh-for-active-sessions-is-retained
      - genuinely-dead-credentials-still-fail-closed
  - id: freshness-fix-leaves-all-other-guard-behavior-unchanged
    hash: sha256:64f2211d98cd
    scenarios:
      - missing-credential-still-blocks-exactly-as-before
      - out-of-scope-subcommand-still-blocks-exactly-as-before
      - tier-1-fork-path-and-classification-surfaces-are-unchanged
      - retired-single-file-credential-remains-unhonored
  - id: integration-tests-exercise-the-mint-validate-seam
    hash: sha256:d04c27c095bb
    scenarios:
      - immediate-call-seam-test-passes-from-both-cwds
      - time-advanced-expiry-gap-test-reproduces-and-passes-the-delegation-window
      - same-event-race-test-proves-ordering-independence
      - dead-credential-fail-closed-test-still-blocks
  - id: executor-shell-writes-are-anchored-under-change-root
    hash: sha256:66815d0272bd
    scenarios:
      - executor-template-forbids-bash-writes-outside-change-root
      - existing-executor-rules-are-preserved
  - id: silent-write-anomaly-triggers-stop-and-report-never-a-bash-fallback
    hash: sha256:001238bd0b67
    scenarios:
      - non-landing-edit-result-leads-to-stop-not-bash-fallback
      - template-inspection-finds-no-sanctioned-bash-fallback-path
  - id: verifier-carries-the-same-shell-write-path-discipline
    hash: sha256:44d6ca13d6e9
    scenarios:
      - verifier-template-contains-the-path-discipline-rule
  - id: execute-skill-contract-binds-executors-to-path-discipline-and-escalates-stop-reports
    hash: sha256:0aa6bffc1fb2
    scenarios:
      - skill-contract-escalates-a-silent-write-stop-report
      - spawn-contract-names-the-path-discipline-binding
  - id: guard-bash-blocks-bash-write-targets-that-resolve-into-the-main-checkout
    hash: sha256:bee84be6f796
    scenarios:
      - redirection-into-the-main-checkout-is-blocked-with-a-diagnostic
      - heredoc-tee-cp-and-mv-targets-are-covered
      - writes-inside-the-change-s-own-worktree-pass
      - no-worktree-hosted-active-change-means-no-write-target-check
  - id: write-target-heuristic-fails-open-on-unparseable-commands-and-ignores-non-write-commands
    hash: sha256:5a35d84b1656
    scenarios:
      - unresolvable-write-targets-fail-open
      - non-write-commands-are-untouched
  - id: write-target-check-leaves-existing-guard-bash-behavior-unchanged
    hash: sha256:c7d807f20733
    scenarios:
      - pre-existing-guard-bash-test-suite-passes-unmodified
      - metta-cli-invocations-are-classified-exactly-as-before
  - id: write-target-check-ships-in-the-hook-template
    hash: sha256:28c3c5ce1c6a
    scenarios:
      - consumer-install-receives-the-write-target-check
  - id: main-checkout-cleanliness-baseline-is-recorded-before-worktree-execution
    hash: sha256:79e3b2339fe0
    scenarios:
      - baseline-is-recorded-as-validated-state-at-execution-start
      - non-worktree-changes-skip-the-baseline
  - id: implementation-completion-fails-on-new-main-checkout-dirt
    hash: sha256:1320eba88519
    scenarios:
      - new-main-checkout-dirt-fails-completion-with-the-offending-paths
      - clean-run-completes-unchanged
      - detection-never-mutates-the-main-checkout
  - id: ship-preflight-verifies-main-checkout-cleanliness-for-worktree-hosted-changes
    hash: sha256:53df2956e4bf
    scenarios:
      - ship-preflight-catches-main-checkout-contamination
      - non-worktree-ships-are-unchanged
  - id: pre-existing-main-checkout-dirt-warns-but-never-hard-blocks
    hash: sha256:21535c86e984
    scenarios:
      - pre-existing-dirt-produces-a-warning-at-execution-start
      - completion-passes-with-pre-existing-dirt-and-no-new-dirt
      - only-new-paths-appear-in-the-failure-diagnostic
  - id: tests-cover-write-target-classification-and-tree-clean-detection
    hash: sha256:42d653d9ca40
    scenarios:
      - write-target-matrix-distinguishes-blocked-from-allowed
      - baseline-compare-module-tests-cover-dirt-attribution
      - new-blocking-tests-fail-against-pre-change-behavior
