version: 61
hash: sha256:4a74da34e7d6
updated: 2026-08-18T06:48:35.040Z
status: draft
source: change
requirements:
  - id: complexityscorecomputation
    hash: sha256:1c468986ef89
    scenarios:
      - score-computed-from-impact-section
      - zero-file-intent-is-no-signal
      - single-file-intent-still-scores
      - zero-files-at-summary-time-remains-real-signal
      - score-absent-before-intent-written
      - score-not-recomputed-on-intent-edit
      - score-uses-actual-files-from-summary-for-post-impl-recompute
  - id: complexityscorestorage
    hash: sha256:07f7418dffde
    scenarios:
      - schema-accepts-full-complexity-block
      - schema-accepts-legacy-file-without-fields
      - actual-score-does-not-overwrite-original
  - id: tierthresholds
    hash: sha256:1fc7d31d4c7d
    scenarios:
      - single-file-maps-to-trivial
      - two-files-maps-to-quick
      - four-files-maps-to-standard
      - eight-files-maps-to-full
  - id: statuscommandsurface
    hash: sha256:5eba86899f84
    scenarios:
      - human-output-shows-complexity-line
      - json-output-includes-complexity-object
      - json-output-includes-both-scores-when-present
      - absent-score-renders-without-error
  - id: instructionsadvisorybanner
    hash: sha256:846cf79d7a51
    scenarios:
      - banner-agreement-state
      - banner-downscale-state
      - banner-upscale-state
      - banner-suppressed-when-score-absent
  - id: autodownscalepromptatintent
    hash: sha256:84217bce0cee
    scenarios:
      - non-tty-downscale-fails-closed
      - json-mode-downscale-fails-closed
      - auto-accept-opt-in-still-collapses-non-interactively
      - interactive-unlocked-shows-yes-default
      - locked-change-defaults-to-no
  - id: autoupscalepromptatintent
    hash: sha256:9232a85fe4b8
    scenarios:
      - upscale-prompt-appears-on-undersized-quick
      - upscale-yes-mutates-workflow-and-inserts-artifacts
      - upscale-prompt-suppressed-when-workflow-exceeds-recommendation
      - upscale-auto-accept-skips-prompt
  - id: postimplementationupscalepromptaccept
    hash: sha256:62477b9223d7
    scenarios:
      - post-impl-prompt-appears-when-recomputed-tier-exceeds-workflow
      - post-impl-yes-spawns-agents-and-updates-metadata
      - post-impl-yes-uses-promoted-fan-out
      - post-impl-no-research-design-tasks-authored
  - id: postimplementationupscalepromptdecline
    hash: sha256:77622d264cbe
    scenarios:
      - decline-persists-actual-score-and-prints-warning
      - decline-does-not-create-stories-or-spec
      - decline-exits-zero-and-verification-proceeds
      - non-tty-defaults-to-decline
  - id: autoacceptrecommendationflag
    hash: sha256:f9767c310023
    scenarios:
      - auto-flag-persists-field
      - auto-flag-skips-all-three-prompts
      - accept-recommended-alias-behaves-identically
      - auto-with-workflow-honours-initial-choice
  - id: overrideremainsauthoritative
    hash: sha256:057896bd900c
    scenarios:
      - workflow-flag-alone-preserves-initial-choice-with-prompt
      - workflow-without-auto-shows-intent-prompts-normally
      - workflow-with-auto-combination-is-predictable
  - id: intraquickdownsizerule
    hash: sha256:e2038d0ee981
    scenarios:
      - trivial-quick-run-uses-reduced-fan-out
      - trivial-fan-out-excludes-correctness-security-goalcheck
      - non-trivial-quick-run-keeps-standard-fan-out
      - tests-and-tsc-run-regardless-of-tier
  - id: scoringrubricspec
    hash: sha256:5410b291821f
    scenarios:
      - rubric-document-exists-with-required-sections
      - rubric-names-deferred-signals-as-extension-points
      - claude-md-active-specs-table-updated
  - id: escalationschema
    hash: sha256:b304fde9cd61
    scenarios:
      - schema-accepts-populated-escalation
      - schema-accepts-legacy-file-without-escalation
  - id: escalationrecording
    hash: sha256:eb922b08d5e8
    scenarios:
      - escalation-recorded-on-locked-keep
      - escalation-recorded-on-interactive-decline
      - no-escalation-on-downscale-accept
  - id: statusescalationsurface
    hash: sha256:7c0220f61c52
    scenarios:
      - human-output-shows-escalation
      - json-output-includes-escalation
      - status-renders-without-escalation
  - id: skillroutingprestep
    hash: sha256:82b57433178c
    scenarios:
      - small-description-routes-to-quick
      - explicit-workflow-flag-deferred
  - id: escalationjustificationguidance
    hash: sha256:1f5848120ae6
    scenarios:
      - claude-md-states-default-routing
      - skill-documents-justification-requirement
  - id: progressceremonyratiometric
    hash: sha256:50ca60dffcad
    scenarios:
      - human-output-reports-ceremony-ratio
      - json-output-includes-ceremony-ratio
  - id: progressartifactspersmallchangemetric
    hash: sha256:2b0ebbecfeac
    scenarios:
      - reports-mean-artifact-count
      - no-data-renders-without-misleading-zero
  - id: downscaledecisionschema
    hash: sha256:62ed68fbeae7
    scenarios:
      - schema-accepts-populated-downscale-decision
      - schema-accepts-legacy-file-without-downscale-decision
      - downscale-decision-coexists-with-escalation-semantics
  - id: downscaledecisionrecording
    hash: sha256:65d74662b884
    scenarios:
      - auto-accept-collapse-writes-decision-record
      - interactive-yes-collapse-writes-decision-record
      - decline-path-unchanged-writes-escalation-not-decision
